
Microsoft Visual Studio Solution File, Format Version 12.00
# Visual Studio Version 17
VisualStudioVersion = 17.11.35312.102
MinimumVisualStudioVersion = 10.0.40219.1
Project("{FAE04EC0-301F-11D3-BF4B-00C04F79EFBC}") = "BlazorShop.Web", "BlazorShop.Web\BlazorShop.Web.csproj", "{49034FA0-C0DD-46A3-854C-51EBF113BB6B}"
EndProject
Project("{FAE04EC0-301F-11D3-BF4B-00C04F79EFBC}") = "BlazorShop.Api", "BlazorShop.Api\BlazorShop.Api.csproj", "{3CDAF650-629B-432A-90E7-1758C71AFEE4}"
EndProject
Project("{FAE04EC0-301F-11D3-BF4B-00C04F79EFBC}") = "BlazorShop.Models", "BlazorShop.Models\BlazorShop.Models.csproj", "{1754DBF9-268D-461F-9386-F06AD8D21632}"
EndProject
Global
	GlobalSection(SolutionConfigurationPlatforms) = preSolution
		Debug|Any CPU = Debug|Any CPU
		Release|Any CPU = Release|Any CPU
	EndGlobalSection
	GlobalSection(ProjectConfigurationPlatforms) = postSolution
		{49034FA0-C0DD-46A3-854C-51EBF113BB6B}.Debug|Any CPU.ActiveCfg = Debug|Any CPU
		{49034FA0-C0DD-46A3-854C-51EBF113BB6B}.Debug|Any CPU.Build.0 = Debug|Any CPU
		{49034FA0-C0DD-46A3-854C-51EBF113BB6B}.Release|Any CPU.ActiveCfg = Release|Any CPU
		{49034FA0-C0DD-46A3-854C-51EBF113BB6B}.Release|Any CPU.Build.0 = Release|Any CPU
		{3CDAF650-629B-432A-90E7-1758C71AFEE4}.Debug|Any CPU.ActiveCfg = Debug|Any CPU
		{3CDAF650-629B-432A-90E7-1758C71AFEE4}.Debug|Any CPU.Build.0 = Debug|Any CPU
		{3CDAF650-629B-432A-90E7-1758C71AFEE4}.Release|Any CPU.ActiveCfg = Release|Any CPU
		{3CDAF650-629B-432A-90E7-1758C71AFEE4}.Release|Any CPU.Build.0 = Release|Any CPU
		{1754DBF9-268D-461F-9386-F06AD8D21632}.Debug|Any CPU.ActiveCfg = Debug|Any CPU
		{1754DBF9-268D-461F-9386-F06AD8D21632}.Debug|Any CPU.Build.0 = Debug|Any CPU
		{1754DBF9-268D-461F-9386-F06AD8D21632}.Release|Any CPU.ActiveCfg = Release|Any CPU
		{1754DBF9-268D-461F-9386-F06AD8D21632}.Release|Any CPU.Build.0 = Release|Any CPU
	EndGlobalSection
	GlobalSection(SolutionProperties) = preSolution
		HideSolutionNode = FALSE
	EndGlobalSection
	GlobalSection(ExtensibilityGlobals) = postSolution
		SolutionGuid = {7955FBC6-C9F3-41F8-8E63-4944CE9EABDB}
	EndGlobalSection
EndGlobal
